
Microsoft Visual Studio Solution File, Format Version 12.00
# Visual Studio 15
VisualStudioVersion = 15.0.28307.168
MinimumVisualStudioVersion = 10.0.40219.1
Project("{FAE04EC0-301F-11D3-BF4B-00C04F79EFBC}") = "Tests", "Tests\Tests.csproj", "{7570058E-1ACF-4E57-B8AE-E19464DACF77}"
	ProjectSection(ProjectDependencies) = postProject
		{0008197B-3E8D-4E84-9DC7-C5D1C1D2521B} = {0008197B-3E8D-4E84-9DC7-C5D1C1D2521B}
	EndProjectSection
EndProject
Project("{FAE04EC0-301F-11D3-BF4B-00C04F79EFBC}") = "SeleniumTestFramework", "SeleniumTestFramework\SeleniumTestFramework.csproj", "{0008197B-3E8D-4E84-9DC7-C5D1C1D2521B}"
EndProject
Global
	GlobalSection(SolutionConfigurationPlatforms) = preSolution
		Debug|Any CPU = Debug|Any CPU
		Debug|ARM = Debug|ARM
		Debug|ARM64 = Debug|ARM64
		Debug|x64 = Debug|x64
		Debug|x86 = Debug|x86
		Release|Any CPU = Release|Any CPU
		Release|ARM = Release|ARM
		Release|ARM64 = Release|ARM64
		Release|x64 = Release|x64
		Release|x86 = Release|x86
	EndGlobalSection
	GlobalSection(ProjectConfigurationPlatforms) = postSolution
		{7570058E-1ACF-4E57-B8AE-E19464DACF77}.Debug|Any CPU.ActiveCfg = Debug|Any CPU
		{7570058E-1ACF-4E57-B8AE-E19464DACF77}.Debug|Any CPU.Build.0 = Debug|Any CPU
		{7570058E-1ACF-4E57-B8AE-E19464DACF77}.Debug|ARM.ActiveCfg = Debug|Any CPU
		{7570058E-1ACF-4E57-B8AE-E19464DACF77}.Debug|ARM.Build.0 = Debug|Any CPU
		{7570058E-1ACF-4E57-B8AE-E19464DACF77}.Debug|ARM64.ActiveCfg = Debug|Any CPU
		{7570058E-1ACF-4E57-B8AE-E19464DACF77}.Debug|ARM64.Build.0 = Debug|Any CPU
		{7570058E-1ACF-4E57-B8AE-E19464DACF77}.Debug|x64.ActiveCfg = Debug|Any CPU
		{7570058E-1ACF-4E57-B8AE-E19464DACF77}.Debug|x64.Build.0 = Debug|Any CPU
		{7570058E-1ACF-4E57-B8AE-E19464DACF77}.Debug|x86.ActiveCfg = Debug|Any CPU
		{7570058E-1ACF-4E57-B8AE-E19464DACF77}.Debug|x86.Build.0 = Debug|Any CPU
		{7570058E-1ACF-4E57-B8AE-E19464DACF77}.Release|Any CPU.ActiveCfg = Release|Any CPU
		{7570058E-1ACF-4E57-B8AE-E19464DACF77}.Release|Any CPU.Build.0 = Release|Any CPU
		{7570058E-1ACF-4E57-B8AE-E19464DACF77}.Release|ARM.ActiveCfg = Release|Any CPU
		{7570058E-1ACF-4E57-B8AE-E19464DACF77}.Release|ARM.Build.0 = Release|Any CPU
		{7570058E-1ACF-4E57-B8AE-E19464DACF77}.Release|ARM64.ActiveCfg = Release|Any CPU
		{7570058E-1ACF-4E57-B8AE-E19464DACF77}.Release|ARM64.Build.0 = Release|Any CPU
		{7570058E-1ACF-4E57-B8AE-E19464DACF77}.Release|x64.ActiveCfg = Release|Any CPU
		{7570058E-1ACF-4E57-B8AE-E19464DACF77}.Release|x64.Build.0 = Release|Any CPU
		{7570058E-1ACF-4E57-B8AE-E19464DACF77}.Release|x86.ActiveCfg = Release|Any CPU
		{7570058E-1ACF-4E57-B8AE-E19464DACF77}.Release|x86.Build.0 = Release|Any CPU
		{0008197B-3E8D-4E84-9DC7-C5D1C1D2521B}.Debug|Any CPU.ActiveCfg = Debug|Any CPU
		{0008197B-3E8D-4E84-9DC7-C5D1C1D2521B}.Debug|Any CPU.Build.0 = Debug|Any CPU
		{0008197B-3E8D-4E84-9DC7-C5D1C1D2521B}.Debug|ARM.ActiveCfg = Debug|Any CPU
		{0008197B-3E8D-4E84-9DC7-C5D1C1D2521B}.Debug|ARM.Build.0 = Debug|Any CPU
		{0008197B-3E8D-4E84-9DC7-C5D1C1D2521B}.Debug|ARM64.ActiveCfg = Debug|Any CPU
		{0008197B-3E8D-4E84-9DC7-C5D1C1D2521B}.Debug|ARM64.Build.0 = Debug|Any CPU
		{0008197B-3E8D-4E84-9DC7-C5D1C1D2521B}.Debug|x64.ActiveCfg = Debug|Any CPU
		{0008197B-3E8D-4E84-9DC7-C5D1C1D2521B}.Debug|x64.Build.0 = Debug|Any CPU
		{0008197B-3E8D-4E84-9DC7-C5D1C1D2521B}.Debug|x86.ActiveCfg = Debug|Any CPU
		{0008197B-3E8D-4E84-9DC7-C5D1C1D2521B}.Debug|x86.Build.0 = Debug|Any CPU
		{0008197B-3E8D-4E84-9DC7-C5D1C1D2521B}.Release|Any CPU.ActiveCfg = Release|Any CPU
		{0008197B-3E8D-4E84-9DC7-C5D1C1D2521B}.Release|Any CPU.Build.0 = Release|Any CPU
		{0008197B-3E8D-4E84-9DC7-C5D1C1D2521B}.Release|ARM.ActiveCfg = Release|Any CPU
		{0008197B-3E8D-4E84-9DC7-C5D1C1D2521B}.Release|ARM.Build.0 = Release|Any CPU
		{0008197B-3E8D-4E84-9DC7-C5D1C1D2521B}.Release|ARM64.ActiveCfg = Release|Any CPU
		{0008197B-3E8D-4E84-9DC7-C5D1C1D2521B}.Release|ARM64.Build.0 = Release|Any CPU
		{0008197B-3E8D-4E84-9DC7-C5D1C1D2521B}.Release|x64.ActiveCfg = Release|Any CPU
		{0008197B-3E8D-4E84-9DC7-C5D1C1D2521B}.Release|x64.Build.0 = Release|Any CPU
		{0008197B-3E8D-4E84-9DC7-C5D1C1D2521B}.Release|x86.ActiveCfg = Release|Any CPU
		{0008197B-3E8D-4E84-9DC7-C5D1C1D2521B}.Release|x86.Build.0 = Release|Any CPU
	EndGlobalSection
	GlobalSection(SolutionProperties) = preSolution
		HideSolutionNode = FALSE
	EndGlobalSection
	GlobalSection(ExtensibilityGlobals) = postSolution
		SolutionGuid = {EB059ECD-0C7D-4C43-8FA8-EDEA767817AC}
	EndGlobalSection
EndGlobal
