
Microsoft Visual Studio Solution File, Format Version 12.00
# Visual Studio 15
VisualStudioVersion = 15.0.28010.0
MinimumVisualStudioVersion = 10.0.40219.1
Project("{FAE04EC0-301F-11D3-BF4B-00C04F79EFBC}") = "Dev-6", "Dev-6\Dev-6.csproj", "{D2CD5432-D528-4D12-BFE4-78B05F4DC0C6}"
EndProject
Global
	GlobalSection(SolutionConfigurationPlatforms) = preSolution
		Debug|Any CPU = Debug|Any CPU
		Release|Any CPU = Release|Any CPU
	EndGlobalSection
	GlobalSection(ProjectConfigurationPlatforms) = postSolution
		{D2CD5432-D528-4D12-BFE4-78B05F4DC0C6}.Debug|Any CPU.ActiveCfg = Debug|Any CPU
		{D2CD5432-D528-4D12-BFE4-78B05F4DC0C6}.Debug|Any CPU.Build.0 = Debug|Any CPU
		{D2CD5432-D528-4D12-BFE4-78B05F4DC0C6}.Release|Any CPU.ActiveCfg = Release|Any CPU
		{D2CD5432-D528-4D12-BFE4-78B05F4DC0C6}.Release|Any CPU.Build.0 = Release|Any CPU
	EndGlobalSection
	GlobalSection(SolutionProperties) = preSolution
		HideSolutionNode = FALSE
	EndGlobalSection
	GlobalSection(ExtensibilityGlobals) = postSolution
		SolutionGuid = {E2D2678A-C3CC-4972-90E4-67C188C5C09B}
	EndGlobalSection
EndGlobal
