
Microsoft Visual Studio Solution File, Format Version 12.00
# Visual Studio 15
VisualStudioVersion = 15.0.28010.0
MinimumVisualStudioVersion = 10.0.40219.1
Project("{FAE04EC0-301F-11D3-BF4B-00C04F79EFBC}") = "Dev-3", "Dev-7\Dev-3.csproj", "{16568608-A498-4454-9FA1-61C6CD3A24B8}"
EndProject
Project("{FAE04EC0-301F-11D3-BF4B-00C04F79EFBC}") = "Dev-3.Test", "Dev-3.Test\Dev-3.Test.csproj", "{1166C0DC-E0E0-48D9-BAA7-647E1F48BEB7}"
	ProjectSection(ProjectDependencies) = postProject
		{16568608-A498-4454-9FA1-61C6CD3A24B8} = {16568608-A498-4454-9FA1-61C6CD3A24B8}
	EndProjectSection
EndProject
Global
	GlobalSection(SolutionConfigurationPlatforms) = preSolution
		Debug|Any CPU = Debug|Any CPU
		Release|Any CPU = Release|Any CPU
	EndGlobalSection
	GlobalSection(ProjectConfigurationPlatforms) = postSolution
		{16568608-A498-4454-9FA1-61C6CD3A24B8}.Debug|Any CPU.ActiveCfg = Debug|Any CPU
		{16568608-A498-4454-9FA1-61C6CD3A24B8}.Debug|Any CPU.Build.0 = Debug|Any CPU
		{16568608-A498-4454-9FA1-61C6CD3A24B8}.Release|Any CPU.ActiveCfg = Release|Any CPU
		{16568608-A498-4454-9FA1-61C6CD3A24B8}.Release|Any CPU.Build.0 = Release|Any CPU
		{1166C0DC-E0E0-48D9-BAA7-647E1F48BEB7}.Debug|Any CPU.ActiveCfg = Debug|Any CPU
		{1166C0DC-E0E0-48D9-BAA7-647E1F48BEB7}.Debug|Any CPU.Build.0 = Debug|Any CPU
		{1166C0DC-E0E0-48D9-BAA7-647E1F48BEB7}.Release|Any CPU.ActiveCfg = Release|Any CPU
		{1166C0DC-E0E0-48D9-BAA7-647E1F48BEB7}.Release|Any CPU.Build.0 = Release|Any CPU
	EndGlobalSection
	GlobalSection(SolutionProperties) = preSolution
		HideSolutionNode = FALSE
	EndGlobalSection
	GlobalSection(ExtensibilityGlobals) = postSolution
		SolutionGuid = {0CAD9933-B340-47BC-B7FD-132390680868}
	EndGlobalSection
EndGlobal
