
Microsoft Visual Studio Solution File, Format Version 12.00
# Visual Studio 15
VisualStudioVersion = 15.0.28010.0
MinimumVisualStudioVersion = 10.0.40219.1
Project("{FAE04EC0-301F-11D3-BF4B-00C04F79EFBC}") = "Dev-5", "Dev-5\Dev-5.csproj", "{6150E00F-0C9F-4F71-9434-064647B2D421}"
EndProject
Global
	GlobalSection(SolutionConfigurationPlatforms) = preSolution
		Debug|Any CPU = Debug|Any CPU
		Release|Any CPU = Release|Any CPU
	EndGlobalSection
	GlobalSection(ProjectConfigurationPlatforms) = postSolution
		{6150E00F-0C9F-4F71-9434-064647B2D421}.Debug|Any CPU.ActiveCfg = Debug|Any CPU
		{6150E00F-0C9F-4F71-9434-064647B2D421}.Debug|Any CPU.Build.0 = Debug|Any CPU
		{6150E00F-0C9F-4F71-9434-064647B2D421}.Release|Any CPU.ActiveCfg = Release|Any CPU
		{6150E00F-0C9F-4F71-9434-064647B2D421}.Release|Any CPU.Build.0 = Release|Any CPU
	EndGlobalSection
	GlobalSection(SolutionProperties) = preSolution
		HideSolutionNode = FALSE
	EndGlobalSection
	GlobalSection(ExtensibilityGlobals) = postSolution
		SolutionGuid = {4B4AAC36-34E4-4B3C-BC11-F4FCFDF718E0}
	EndGlobalSection
EndGlobal
